
Microsoft Visual Studio Solution File, Format Version 12.00
# Visual Studio Version 16
VisualStudioVersion = 16.0.32002.261
MinimumVisualStudioVersion = 10.0.40219.1
Project("{888888A0-9F3D-457C-B088-3A5042F75D52}") = "PegasUP", "PegasUP\PegasUP.pyproj", "{2BF84D7E-4F4D-4D7A-A731-46778E126735}"
EndProject
Global
	GlobalSection(SolutionConfigurationPlatforms) = preSolution
		Debug|Any CPU = Debug|Any CPU
		Release|Any CPU = Release|Any CPU
	EndGlobalSection
	GlobalSection(ProjectConfigurationPlatforms) = postSolution
		{2BF84D7E-4F4D-4D7A-A731-46778E126735}.Debug|Any CPU.ActiveCfg = Debug|Any CPU
		{2BF84D7E-4F4D-4D7A-A731-46778E126735}.Release|Any CPU.ActiveCfg = Release|Any CPU
	EndGlobalSection
	GlobalSection(SolutionProperties) = preSolution
		HideSolutionNode = FALSE
	EndGlobalSection
	GlobalSection(ExtensibilityGlobals) = postSolution
		SolutionGuid = {072C0B1B-0769-44FE-B6BD-EF9D5486C805}
	EndGlobalSection
EndGlobal
